// !$*UTF8*$!
{
	archiveVersion = 1;
	classes = {
	};
	objectVersion = 56;
	objects = {

/* Begin PBXBuildFile section */
		60E47F712A06F61B0050BE4E /* AppDelegate.swift in Sources */ = {isa = PBXBuildFile; fileRef = 60E47F702A06F61B0050BE4E /* AppDelegate.swift */; };
		60E47F752A06F61B0050BE4E /* NewsListController.swift in Sources */ = {isa = PBXBuildFile; fileRef = 60E47F742A06F61B0050BE4E /* NewsListController.swift */; };
		60E47F7A2A06F61D0050BE4E /* Assets.xcassets in Resources */ = {isa = PBXBuildFile; fileRef = 60E47F792A06F61D0050BE4E /* Assets.xcassets */; };
		60E47F7D2A06F61D0050BE4E /* LaunchScreen.storyboard in Resources */ = {isa = PBXBuildFile; fileRef = 60E47F7B2A06F61D0050BE4E /* LaunchScreen.storyboard */; };
		60E47F882A06FEF50050BE4E /* NetworkService.swift in Sources */ = {isa = PBXBuildFile; fileRef = 60E47F872A06FEF50050BE4E /* NetworkService.swift */; };
		60E47F8B2A06FF000050BE4E /* Constant.swift in Sources */ = {isa = PBXBuildFile; fileRef = 60E47F8A2A06FF000050BE4E /* Constant.swift */; };
		60E47F8E2A0700320050BE4E /* Article.swift in Sources */ = {isa = PBXBuildFile; fileRef = 60E47F8D2A0700320050BE4E /* Article.swift */; };
		60E47F912A0705760050BE4E /* ArticleListViewModel.swift in Sources */ = {isa = PBXBuildFile; fileRef = 60E47F902A0705760050BE4E /* ArticleListViewModel.swift */; };
		ED7B807E4E8E31886C299177 /* Pods_RxSwift_News.framework in Frameworks */ = {isa = PBXBuildFile; fileRef = D6F1EA87BCBCABCB856734AF /* Pods_RxSwift_News.framework */; };
/* End PBXBuildFile section */

/* Begin PBXFileReference section */
		39DC7582BE94BC98B677BF89 /* Pods-RxSwift-News.debug.xcconfig */ = {isa = PBXFileReference; includeInIndex = 1; lastKnownFileType = text.xcconfig; name = "Pods-RxSwift-News.debug.xcconfig"; path = "Target Support Files/Pods-RxSwift-News/Pods-RxSwift-News.debug.xcconfig"; sourceTree = "<group>"; };
		60E47F6D2A06F61B0050BE4E /* RxSwift-News.app */ = {isa = PBXFileReference; explicitFileType = wrapper.application; includeInIndex = 0; path = "RxSwift-News.app"; sourceTree = BUILT_PRODUCTS_DIR; };
		60E47F702A06F61B0050BE4E /* AppDelegate.swift */ = {isa = PBXFileReference; lastKnownFileType = sourcecode.swift; path = AppDelegate.swift; sourceTree = "<group>"; };
		60E47F742A06F61B0050BE4E /* NewsListController.swift */ = {isa = PBXFileReference; lastKnownFileType = sourcecode.swift; path = NewsListController.swift; sourceTree = "<group>"; };
		60E47F792A06F61D0050BE4E /* Assets.xcassets */ = {isa = PBXFileReference; lastKnownFileType = folder.assetcatalog; path = Assets.xcassets; sourceTree = "<group>"; };
		60E47F7C2A06F61D0050BE4E /* Base */ = {isa = PBXFileReference; lastKnownFileType = file.storyboard; name = Base; path = Base.lproj/LaunchScreen.storyboard; sourceTree = "<group>"; };
		60E47F7E2A06F61D0050BE4E /* Info.plist */ = {isa = PBXFileReference; lastKnownFileType = text.plist.xml; path = Info.plist; sourceTree = "<group>"; };
		60E47F872A06FEF50050BE4E /* NetworkService.swift */ = {isa = PBXFileReference; lastKnownFileType = sourcecode.swift; path = NetworkService.swift; sourceTree = "<group>"; };
		60E47F8A2A06FF000050BE4E /* Constant.swift */ = {isa = PBXFileReference; lastKnownFileType = sourcecode.swift; path = Constant.swift; sourceTree = "<group>"; };
		60E47F8D2A0700320050BE4E /* Article.swift */ = {isa = PBXFileReference; lastKnownFileType = sourcecode.swift; path = Article.swift; sourceTree = "<group>"; };
		60E47F902A0705760050BE4E /* ArticleListViewModel.swift */ = {isa = PBXFileReference; lastKnownFileType = sourcecode.swift; path = ArticleListViewModel.swift; sourceTree = "<group>"; };
		D6F1EA87BCBCABCB856734AF /* Pods_RxSwift_News.framework */ = {isa = PBXFileReference; explicitFileType = wrapper.framework; includeInIndex = 0; path = Pods_RxSwift_News.framework; sourceTree = BUILT_PRODUCTS_DIR; };
		E0E08475DC5B77C2CEDE1F1B /* Pods-RxSwift-News.release.xcconfig */ = {isa = PBXFileReference; includeInIndex = 1; lastKnownFileType = text.xcconfig; name = "Pods-RxSwift-News.release.xcconfig"; path = "Target Support Files/Pods-RxSwift-News/Pods-RxSwift-News.release.xcconfig"; sourceTree = "<group>"; };
/* End PBXFileReference section */

/* Begin PBXFrameworksBuildPhase section */
		60E47F6A2A06F61B0050BE4E /* Frameworks */ = {
			isa = PBXFrameworksBuildPhase;
			buildActionMask = 2147483647;
			files = (
				ED7B807E4E8E31886C299177 /* Pods_RxSwift_News.framework in Frameworks */,
			);
			runOnlyForDeploymentPostprocessing = 0;
		};
/* End PBXFrameworksBuildPhase section */

/* Begin PBXGroup section */
		2A74652FAA075066C51DDAE3 /* Frameworks */ = {
			isa = PBXGroup;
			children = (
				D6F1EA87BCBCABCB856734AF /* Pods_RxSwift_News.framework */,
			);
			name = Frameworks;
			sourceTree = "<group>";
		};
		4FECA736416E6A0B37412F86 /* Pods */ = {
			isa = PBXGroup;
			children = (
				39DC7582BE94BC98B677BF89 /* Pods-RxSwift-News.debug.xcconfig */,
				E0E08475DC5B77C2CEDE1F1B /* Pods-RxSwift-News.release.xcconfig */,
			);
			path = Pods;
			sourceTree = "<group>";
		};
		60E47F642A06F61B0050BE4E = {
			isa = PBXGroup;
			children = (
				60E47F6F2A06F61B0050BE4E /* RxSwift-News */,
				60E47F6E2A06F61B0050BE4E /* Products */,
				4FECA736416E6A0B37412F86 /* Pods */,
				2A74652FAA075066C51DDAE3 /* Frameworks */,
			);
			sourceTree = "<group>";
		};
		60E47F6E2A06F61B0050BE4E /* Products */ = {
			isa = PBXGroup;
			children = (
				60E47F6D2A06F61B0050BE4E /* RxSwift-News.app */,
			);
			name = Products;
			sourceTree = "<group>";
		};
		60E47F6F2A06F61B0050BE4E /* RxSwift-News */ = {
			isa = PBXGroup;
			children = (
				60E47F8C2A0700290050BE4E /* Model */,
				60E47F892A06FEF90050BE4E /* Constant */,
				60E47F862A06FEED0050BE4E /* Service */,
				60E47F852A06F8370050BE4E /* Scene */,
				60E47F842A06F82F0050BE4E /* Sources */,
				60E47F702A06F61B0050BE4E /* AppDelegate.swift */,
				60E47F792A06F61D0050BE4E /* Assets.xcassets */,
				60E47F7B2A06F61D0050BE4E /* LaunchScreen.storyboard */,
				60E47F7E2A06F61D0050BE4E /* Info.plist */,
			);
			path = "RxSwift-News";
			sourceTree = "<group>";
		};
		60E47F842A06F82F0050BE4E /* Sources */ = {
			isa = PBXGroup;
			children = (
			);
			path = Sources;
			sourceTree = "<group>";
		};
		60E47F852A06F8370050BE4E /* Scene */ = {
			isa = PBXGroup;
			children = (
				60E47F8F2A07056F0050BE4E /* ViewModel */,
				60E47F742A06F61B0050BE4E /* NewsListController.swift */,
			);
			path = Scene;
			sourceTree = "<group>";
		};
		60E47F862A06FEED0050BE4E /* Service */ = {
			isa = PBXGroup;
			children = (
				60E47F872A06FEF50050BE4E /* NetworkService.swift */,
			);
			path = Service;
			sourceTree = "<group>";
		};
		60E47F892A06FEF90050BE4E /* Constant */ = {
			isa = PBXGroup;
			children = (
				60E47F8A2A06FF000050BE4E /* Constant.swift */,
			);
			path = Constant;
			sourceTree = "<group>";
		};
		60E47F8C2A0700290050BE4E /* Model */ = {
			isa = PBXGroup;
			children = (
				60E47F8D2A0700320050BE4E /* Article.swift */,
			);
			path = Model;
			sourceTree = "<group>";
		};
		60E47F8F2A07056F0050BE4E /* ViewModel */ = {
			isa = PBXGroup;
			children = (
				60E47F902A0705760050BE4E /* ArticleListViewModel.swift */,
			);
			path = ViewModel;
			sourceTree = "<group>";
		};
/* End PBXGroup section */

/* Begin PBXNativeTarget section */
		60E47F6C2A06F61B0050BE4E /* RxSwift-News */ = {
			isa = PBXNativeTarget;
			buildConfigurationList = 60E47F812A06F61D0050BE4E /* Build configuration list for PBXNativeTarget "RxSwift-News" */;
			buildPhases = (
				D34F927670594B979A00C0AB /* [CP] Check Pods Manifest.lock */,
				60E47F692A06F61B0050BE4E /* Sources */,
				60E47F6A2A06F61B0050BE4E /* Frameworks */,
				60E47F6B2A06F61B0050BE4E /* Resources */,
				2C8BCB2E9180D22F541920D6 /* [CP] Embed Pods Frameworks */,
			);
			buildRules = (
			);
			dependencies = (
			);
			name = "RxSwift-News";
			productName = "RxSwift-News";
			productReference = 60E47F6D2A06F61B0050BE4E /* RxSwift-News.app */;
			productType = "com.apple.product-type.application";
		};
/* End PBXNativeTarget section */

/* Begin PBXProject section */
		60E47F652A06F61B0050BE4E /* Project object */ = {
			isa = PBXProject;
			attributes = {
				BuildIndependentTargetsInParallel = 1;
				LastSwiftUpdateCheck = 1430;
				LastUpgradeCheck = 1430;
				TargetAttributes = {
					60E47F6C2A06F61B0050BE4E = {
						CreatedOnToolsVersion = 14.3;
					};
				};
			};
			buildConfigurationList = 60E47F682A06F61B0050BE4E /* Build configuration list for PBXProject "RxSwift-News" */;
			compatibilityVersion = "Xcode 14.0";
			developmentRegion = en;
			hasScannedForEncodings = 0;
			knownRegions = (
				en,
				Base,
			);
			mainGroup = 60E47F642A06F61B0050BE4E;
			productRefGroup = 60E47F6E2A06F61B0050BE4E /* Products */;
			projectDirPath = "";
			projectRoot = "";
			targets = (
				60E47F6C2A06F61B0050BE4E /* RxSwift-News */,
			);
		};
/* End PBXProject section */

/* Begin PBXResourcesBuildPhase section */
		60E47F6B2A06F61B0050BE4E /* Resources */ = {
			isa = PBXResourcesBuildPhase;
			buildActionMask = 2147483647;
			files = (
				60E47F7D2A06F61D0050BE4E /* LaunchScreen.storyboard in Resources */,
				60E47F7A2A06F61D0050BE4E /* Assets.xcassets in Resources */,
			);
			runOnlyForDeploymentPostprocessing = 0;
		};
/* End PBXResourcesBuildPhase section */

/* Begin PBXShellScriptBuildPhase section */
		2C8BCB2E9180D22F541920D6 /* [CP] Embed Pods Frameworks */ = {
			isa = PBXShellScriptBuildPhase;
			buildActionMask = 2147483647;
			files = (
			);
			inputFileListPaths = (
				"${PODS_ROOT}/Target Support Files/Pods-RxSwift-News/Pods-RxSwift-News-frameworks-${CONFIGURATION}-input-files.xcfilelist",
			);
			name = "[CP] Embed Pods Frameworks";
			outputFileListPaths = (
				"${PODS_ROOT}/Target Support Files/Pods-RxSwift-News/Pods-RxSwift-News-frameworks-${CONFIGURATION}-output-files.xcfilelist",
			);
			runOnlyForDeploymentPostprocessing = 0;
			shellPath = /bin/sh;
			shellScript = "\"${PODS_ROOT}/Target Support Files/Pods-RxSwift-News/Pods-RxSwift-News-frameworks.sh\"\n";
			showEnvVarsInLog = 0;
		};
		D34F927670594B979A00C0AB /* [CP] Check Pods Manifest.lock */ = {
			isa = PBXShellScriptBuildPhase;
			buildActionMask = 2147483647;
			files = (
			);
			inputFileListPaths = (
			);
			inputPaths = (
				"${PODS_PODFILE_DIR_PATH}/Podfile.lock",
				"${PODS_ROOT}/Manifest.lock",
			);
			name = "[CP] Check Pods Manifest.lock";
			outputFileListPaths = (
			);
			outputPaths = (
				"$(DERIVED_FILE_DIR)/Pods-RxSwift-News-checkManifestLockResult.txt",
			);
			runOnlyForDeploymentPostprocessing = 0;
			shellPath = /bin/sh;
			shellScript = "diff \"${PODS_PODFILE_DIR_PATH}/Podfile.lock\" \"${PODS_ROOT}/Manifest.lock\" > /dev/null\nif [ $? != 0 ] ; then\n    # print error to STDERR\n    echo \"error: The sandbox is not in sync with the Podfile.lock. Run 'pod install' or update your CocoaPods installation.\" >&2\n    exit 1\nfi\n# This output is used by Xcode 'outputs' to avoid re-running this script phase.\necho \"SUCCESS\" > \"${SCRIPT_OUTPUT_FILE_0}\"\n";
			showEnvVarsInLog = 0;
		};
/* End PBXShellScriptBuildPhase section */

/* Begin PBXSourcesBuildPhase section */
		60E47F692A06F61B0050BE4E /* Sources */ = {
			isa = PBXSourcesBuildPhase;
			buildActionMask = 2147483647;
			files = (
				60E47F752A06F61B0050BE4E /* NewsListController.swift in Sources */,
				60E47F912A0705760050BE4E /* ArticleListViewModel.swift in Sources */,
				60E47F882A06FEF50050BE4E /* NetworkService.swift in Sources */,
				60E47F712A06F61B0050BE4E /* AppDelegate.swift in Sources */,
				60E47F8B2A06FF000050BE4E /* Constant.swift in Sources */,
				60E47F8E2A0700320050BE4E /* Article.swift in Sources */,
			);
			runOnlyForDeploymentPostprocessing = 0;
		};
/* End PBXSourcesBuildPhase section */

/* Begin PBXVariantGroup section */
		60E47F7B2A06F61D0050BE4E /* LaunchScreen.storyboard */ = {
			isa = PBXVariantGroup;
			children = (
				60E47F7C2A06F61D0050BE4E /* Base */,
			);
			name = LaunchScreen.storyboard;
			sourceTree = "<group>";
		};
/* End PBXVariantGroup section */

/* Begin XCBuildConfiguration section */
		60E47F7F2A06F61D0050BE4E /* Debug */ = {
			isa = XCBuildConfiguration;
			buildSettings = {
				ALWAYS_SEARCH_USER_PATHS = NO;
				CLANG_ANALYZER_NONNULL = YES;
				CLANG_ANALYZER_NUMBER_OBJECT_CONVERSION = YES_AGGRESSIVE;
				CLANG_CXX_LANGUAGE_STANDARD = "gnu++20";
				CLANG_ENABLE_MODULES = YES;
				CLANG_ENABLE_OBJC_ARC = YES;
				CLANG_ENABLE_OBJC_WEAK = YES;
				CLANG_WARN_BLOCK_CAPTURE_AUTORELEASING = YES;
				CLANG_WARN_BOOL_CONVERSION = YES;
				CLANG_WARN_COMMA = YES;
				CLANG_WARN_CONSTANT_CONVERSION = YES;
				CLANG_WARN_DEPRECATED_OBJC_IMPLEMENTATIONS = YES;
				CLANG_WARN_DIRECT_OBJC_ISA_USAGE = YES_ERROR;
				CLANG_WARN_DOCUMENTATION_COMMENTS = YES;
				CLANG_WARN_EMPTY_BODY = YES;
				CLANG_WARN_ENUM_CONVERSION = YES;
				CLANG_WARN_INFINITE_RECURSION = YES;
				CLANG_WARN_INT_CONVERSION = YES;
				CLANG_WARN_NON_LITERAL_NULL_CONVERSION = YES;
				CLANG_WARN_OBJC_IMPLICIT_RETAIN_SELF = YES;
				CLANG_WARN_OBJC_LITERAL_CONVERSION = YES;
				CLANG_WARN_OBJC_ROOT_CLASS = YES_ERROR;
				CLANG_WARN_QUOTED_INCLUDE_IN_FRAMEWORK_HEADER = YES;
				CLANG_WARN_RANGE_LOOP_ANALYSIS = YES;
				CLANG_WARN_STRICT_PROTOTYPES = YES;
				CLANG_WARN_SUSPICIOUS_MOVE = YES;
				CLANG_WARN_UNGUARDED_AVAILABILITY = YES_AGGRESSIVE;
				CLANG_WARN_UNREACHABLE_CODE = YES;
				CLANG_WARN__DUPLICATE_METHOD_MATCH = YES;
				COPY_PHASE_STRIP = NO;
				DEBUG_INFORMATION_FORMAT = dwarf;
				ENABLE_STRICT_OBJC_MSGSEND = YES;
				ENABLE_TESTABILITY = YES;
				GCC_C_LANGUAGE_STANDARD = gnu11;
				GCC_DYNAMIC_NO_PIC = NO;
				GCC_NO_COMMON_BLOCKS = YES;
				GCC_OPTIMIZATION_LEVEL = 0;
				GCC_PREPROCESSOR_DEFINITIONS = (
					"DEBUG=1",
					"$(inherited)",
				);
				GCC_WARN_64_TO_32_BIT_CONVERSION = YES;
				GCC_WARN_ABOUT_RETURN_TYPE = YES_ERROR;
				GCC_WARN_UNDECLARED_SELECTOR = YES;
				GCC_WARN_UNINITIALIZED_AUTOS = YES_AGGRESSIVE;
				GCC_WARN_UNUSED_FUNCTION = YES;
				GCC_WARN_UNUSED_VARIABLE = YES;
				IPHONEOS_DEPLOYMENT_TARGET = 16.4;
				MTL_ENABLE_DEBUG_INFO = INCLUDE_SOURCE;
				MTL_FAST_MATH = YES;
				ONLY_ACTIVE_ARCH = YES;
				SDKROOT = iphoneos;
				SWIFT_ACTIVE_COMPILATION_CONDITIONS = DEBUG;
				SWIFT_OPTIMIZATION_LEVEL = "-Onone";
			};
			name = Debug;
		};
		60E47F802A06F61D0050BE4E /* Release */ = {
			isa = XCBuildConfiguration;
			buildSettings = {
				ALWAYS_SEARCH_USER_PATHS = NO;
				CLANG_ANALYZER_NONNULL = YES;
				CLANG_ANALYZER_NUMBER_OBJECT_CONVERSION = YES_AGGRESSIVE;
				CLANG_CXX_LANGUAGE_STANDARD = "gnu++20";
				CLANG_ENABLE_MODULES = YES;
				CLANG_ENABLE_OBJC_ARC = YES;
				CLANG_ENABLE_OBJC_WEAK = YES;
				CLANG_WARN_BLOCK_CAPTURE_AUTORELEASING = YES;
				CLANG_WARN_BOOL_CONVERSION = YES;
				CLANG_WARN_COMMA = YES;
				CLANG_WARN_CONSTANT_CONVERSION = YES;
				CLANG_WARN_DEPRECATED_OBJC_IMPLEMENTATIONS = YES;
				CLANG_WARN_DIRECT_OBJC_ISA_USAGE = YES_ERROR;
				CLANG_WARN_DOCUMENTATION_COMMENTS = YES;
				CLANG_WARN_EMPTY_BODY = YES;
				CLANG_WARN_ENUM_CONVERSION = YES;
				CLANG_WARN_INFINITE_RECURSION = YES;
				CLANG_WARN_INT_CONVERSION = YES;
				CLANG_WARN_NON_LITERAL_NULL_CONVERSION = YES;
				CLANG_WARN_OBJC_IMPLICIT_RETAIN_SELF = YES;
				CLANG_WARN_OBJC_LITERAL_CONVERSION = YES;
				CLANG_WARN_OBJC_ROOT_CLASS = YES_ERROR;
				CLANG_WARN_QUOTED_INCLUDE_IN_FRAMEWORK_HEADER = YES;
				CLANG_WARN_RANGE_LOOP_ANALYSIS = YES;
				CLANG_WARN_STRICT_PROTOTYPES = YES;
				CLANG_WARN_SUSPICIOUS_MOVE = YES;
				CLANG_WARN_UNGUARDED_AVAILABILITY = YES_AGGRESSIVE;
				CLANG_WARN_UNREACHABLE_CODE = YES;
				CLANG_WARN__DUPLICATE_METHOD_MATCH = YES;
				COPY_PHASE_STRIP = NO;
				DEBUG_INFORMATION_FORMAT = "dwarf-with-dsym";
				ENABLE_NS_ASSERTIONS = NO;
				ENABLE_STRICT_OBJC_MSGSEND = YES;
				GCC_C_LANGUAGE_STANDARD = gnu11;
				GCC_NO_COMMON_BLOCKS = YES;
				GCC_WARN_64_TO_32_BIT_CONVERSION = YES;
				GCC_WARN_ABOUT_RETURN_TYPE = YES_ERROR;
				GCC_WARN_UNDECLARED_SELECTOR = YES;
				GCC_WARN_UNINITIALIZED_AUTOS = YES_AGGRESSIVE;
				GCC_WARN_UNUSED_FUNCTION = YES;
				GCC_WARN_UNUSED_VARIABLE = YES;
				IPHONEOS_DEPLOYMENT_TARGET = 16.4;
				MTL_ENABLE_DEBUG_INFO = NO;
				MTL_FAST_MATH = YES;
				SDKROOT = iphoneos;
				SWIFT_COMPILATION_MODE = wholemodule;
				SWIFT_OPTIMIZATION_LEVEL = "-O";
				VALIDATE_PRODUCT = YES;
			};
			name = Release;
		};
		60E47F822A06F61D0050BE4E /* Debug */ = {
			isa = XCBuildConfiguration;
			baseConfigurationReference = 39DC7582BE94BC98B677BF89 /* Pods-RxSwift-News.debug.xcconfig */;
			buildSettings = {
				ASSETCATALOG_COMPILER_APPICON_NAME = AppIcon;
				ASSETCATALOG_COMPILER_GLOBAL_ACCENT_COLOR_NAME = AccentColor;
				CODE_SIGN_STYLE = Automatic;
				CURRENT_PROJECT_VERSION = 1;
				DEVELOPMENT_TEAM = WL3K4A7DH8;
				GENERATE_INFOPLIST_FILE = YES;
				INFOPLIST_FILE = "RxSwift-News/Info.plist";
				INFOPLIST_KEY_UIApplicationSupportsIndirectInputEvents = YES;
				INFOPLIST_KEY_UILaunchStoryboardName = LaunchScreen;
				INFOPLIST_KEY_UISupportedInterfaceOrientations_iPad = "UIInterfaceOrientationPortrait UIInterfaceOrientationPortraitUpsideDown UIInterfaceOrientationLandscapeLeft UIInterfaceOrientationLandscapeRight";
				INFOPLIST_KEY_UISupportedInterfaceOrientations_iPhone = "UIInterfaceOrientationPortrait UIInterfaceOrientationLandscapeLeft UIInterfaceOrientationLandscapeRight";
				LD_RUNPATH_SEARCH_PATHS = (
					"$(inherited)",
					"@executable_path/Frameworks",
				);
				MARKETING_VERSION = 1.0;
				PRODUCT_BUNDLE_IDENTIFIER = "com.barisdilekci.RxSwift-News";
				PRODUCT_NAME = "$(TARGET_NAME)";
				SWIFT_EMIT_LOC_STRINGS = YES;
				SWIFT_VERSION = 5.0;
				TARGETED_DEVICE_FAMILY = "1,2";
			};
			name = Debug;
		};
		60E47F832A06F61D0050BE4E /* Release */ = {
			isa = XCBuildConfiguration;
			baseConfigurationReference = E0E08475DC5B77C2CEDE1F1B /* Pods-RxSwift-News.release.xcconfig */;
			buildSettings = {
				ASSETCATALOG_COMPILER_APPICON_NAME = AppIcon;
				ASSETCATALOG_COMPILER_GLOBAL_ACCENT_COLOR_NAME = AccentColor;
				CODE_SIGN_STYLE = Automatic;
				CURRENT_PROJECT_VERSION = 1;
				DEVELOPMENT_TEAM = WL3K4A7DH8;
				GENERATE_INFOPLIST_FILE = YES;
				INFOPLIST_FILE = "RxSwift-News/Info.plist";
				INFOPLIST_KEY_UIApplicationSupportsIndirectInputEvents = YES;
				INFOPLIST_KEY_UILaunchStoryboardName = LaunchScreen;
				INFOPLIST_KEY_UISupportedInterfaceOrientations_iPad = "UIInterfaceOrientationPortrait UIInterfaceOrientationPortraitUpsideDown UIInterfaceOrientationLandscapeLeft UIInterfaceOrientationLandscapeRight";
				INFOPLIST_KEY_UISupportedInterfaceOrientations_iPhone = "UIInterfaceOrientationPortrait UIInterfaceOrientationLandscapeLeft UIInterfaceOrientationLandscapeRight";
				LD_RUNPATH_SEARCH_PATHS = (
					"$(inherited)",
					"@executable_path/Frameworks",
				);
				MARKETING_VERSION = 1.0;
				PRODUCT_BUNDLE_IDENTIFIER = "com.barisdilekci.RxSwift-News";
				PRODUCT_NAME = "$(TARGET_NAME)";
				SWIFT_EMIT_LOC_STRINGS = YES;
				SWIFT_VERSION = 5.0;
				TARGETED_DEVICE_FAMILY = "1,2";
			};
			name = Release;
		};
/* End XCBuildConfiguration section */

/* Begin XCConfigurationList section */
		60E47F682A06F61B0050BE4E /* Build configuration list for PBXProject "RxSwift-News" */ = {
			isa = XCConfigurationList;
			buildConfigurations = (
				60E47F7F2A06F61D0050BE4E /* Debug */,
				60E47F802A06F61D0050BE4E /* Release */,
			);
			defaultConfigurationIsVisible = 0;
			defaultConfigurationName = Release;
		};
		60E47F812A06F61D0050BE4E /* Build configuration list for PBXNativeTarget "RxSwift-News" */ = {
			isa = XCConfigurationList;
			buildConfigurations = (
				60E47F822A06F61D0050BE4E /* Debug */,
				60E47F832A06F61D0050BE4E /* Release */,
			);
			defaultConfigurationIsVisible = 0;
			defaultConfigurationName = Release;
		};
/* End XCConfigurationList section */
	};
	rootObject = 60E47F652A06F61B0050BE4E /* Project object */;
}
